
Microsoft Visual Studio Solution File, Format Version 12.00
# Visual Studio 2017
Project("{FAE04EC0-301F-11D3-BF4B-00C04F79EFBC}") = "square", "square.csproj", "{366852B1-EA28-6C87-0247-DFBC214EFCB5}"
EndProject
Global
	GlobalSection(SolutionConfigurationPlatforms) = preSolution
		Debug|Any CPU = Debug|Any CPU
		Release|Any CPU = Release|Any CPU
	EndGlobalSection
	GlobalSection(ProjectConfigurationPlatforms) = postSolution
		{366852B1-EA28-6C87-0247-DFBC214EFCB5}.Debug|Any CPU.ActiveCfg = Debug|Any CPU
		{366852B1-EA28-6C87-0247-DFBC214EFCB5}.Debug|Any CPU.Build.0 = Debug|Any CPU
		{366852B1-EA28-6C87-0247-DFBC214EFCB5}.Release|Any CPU.ActiveCfg = Release|Any CPU
		{366852B1-EA28-6C87-0247-DFBC214EFCB5}.Release|Any CPU.Build.0 = Release|Any CPU
	EndGlobalSection
	GlobalSection(SolutionProperties) = preSolution
		HideSolutionNode = FALSE
	EndGlobalSection
EndGlobal
